
Microsoft Visual Studio Solution File, Format Version 12.00
# Visual Studio Version 17
VisualStudioVersion = 17.10.35013.160
MinimumVisualStudioVersion = 10.0.40219.1
Project("{F2A71F9B-5D33-465A-A702-920D77279786}") = "DotNet8_Ecommerce", "DotNet8_Ecommerce\DotNet8_Ecommerce.fsproj", "{89BACDC5-5428-497A-90D9-CB0A4B544102}"
EndProject
Global
	GlobalSection(SolutionConfigurationPlatforms) = preSolution
		Debug|Any CPU = Debug|Any CPU
		Release|Any CPU = Release|Any CPU
	EndGlobalSection
	GlobalSection(ProjectConfigurationPlatforms) = postSolution
		{89BACDC5-5428-497A-90D9-CB0A4B544102}.Debug|Any CPU.ActiveCfg = Debug|Any CPU
		{89BACDC5-5428-497A-90D9-CB0A4B544102}.Debug|Any CPU.Build.0 = Debug|Any CPU
		{89BACDC5-5428-497A-90D9-CB0A4B544102}.Release|Any CPU.ActiveCfg = Release|Any CPU
		{89BACDC5-5428-497A-90D9-CB0A4B544102}.Release|Any CPU.Build.0 = Release|Any CPU
	EndGlobalSection
	GlobalSection(SolutionProperties) = preSolution
		HideSolutionNode = FALSE
	EndGlobalSection
	GlobalSection(ExtensibilityGlobals) = postSolution
		SolutionGuid = {7C03FB52-C7E3-44A2-BD3F-4F0D4A31F872}
	EndGlobalSection
EndGlobal
